# THIS IS AN AUTOGENERATED FILE. DO NOT EDIT THIS FILE DIRECTLY.
# yarn lockfile v1


"@types/jquery@^3.3.29":
  version "3.3.29"
  resolved "https://registry.yarnpkg.com/@types/jquery/-/jquery-3.3.29.tgz#680a2219ce3c9250483722fccf5570d1e2d08abd"
  dependencies:
    "@types/sizzle" "*"

"@types/knockout@^3.4.63":
  version "3.4.63"
  resolved "https://registry.yarnpkg.com/@types/knockout/-/knockout-3.4.63.tgz#5c31acec97eaea143b196ddc245c45dd911ee565"

"@types/sizzle@*":
  version "2.3.2"
  resolved "https://registry.yarnpkg.com/@types/sizzle/-/sizzle-2.3.2.tgz#a811b8c18e2babab7d542b3365887ae2e4d9de47"

"@types/underscore@^1.8.9":
  version "1.8.9"
  resolved "https://registry.yarnpkg.com/@types/underscore/-/underscore-1.8.9.tgz#fef41f800cd23db1b4f262ddefe49cd952d82323"

jquery@^3.3.1:
  version "3.3.1"
  resolved "https://registry.yarnpkg.com/jquery/-/jquery-3.3.1.tgz#958ce29e81c9790f31be7792df5d4d95fc57fbca"

knockout@^3.4.2:
  version "3.4.2"
  resolved "https://registry.yarnpkg.com/knockout/-/knockout-3.4.2.tgz#e87958de77ad1e936f7ce645bab8b5d7c456d937"

typescript@^3.2.2:
  version "3.2.2"
  resolved "https://registry.yarnpkg.com/typescript/-/typescript-3.2.2.tgz#fe8101c46aa123f8353523ebdcf5730c2ae493e5"

underscore@^1.9.1:
  version "1.9.1"
  resolved "https://registry.yarnpkg.com/underscore/-/underscore-1.9.1.tgz#06dce34a0e68a7babc29b365b8e74b8925203961"
